
Microsoft Visual Studio Solution File, Format Version 12.00
# Visual Studio Version 16
VisualStudioVersion = 16.0.29911.84
MinimumVisualStudioVersion = 10.0.40219.1
Project("{FAE04EC0-301F-11D3-BF4B-00C04F79EFBC}") = "SingleResponsabilityPrinciple", "SOLID\SingleResponsabilityPrinciple.csproj", "{3D39F6BB-FCE8-41BC-9F62-403F82B74E19}"
EndProject
Project("{2150E333-8FDC-42A3-9474-1A3956D46DE8}") = "SOLID", "SOLID", "{6D504F8B-AD9D-45A8-9ADF-1EBD1623644B}"
	ProjectSection(SolutionItems) = preProject
		..\SOLID\SOLID.PNG = ..\SOLID\SOLID.PNG
	EndProjectSection
EndProject
Project("{9A19103F-16F7-4668-BE54-9A1E7A4F7556}") = "Open-Closed Principle", "Open-Closed Principle\Open-Closed Principle.csproj", "{DBEE6858-6331-407D-AD30-A89C40952C42}"
EndProject
Project("{9A19103F-16F7-4668-BE54-9A1E7A4F7556}") = "LiskovSubstitutionPrinciple", "LiskovSubstitutionPrinciple\LiskovSubstitutionPrinciple.csproj", "{DB5D3C7A-049D-4C99-8140-7F955182A31E}"
EndProject
Project("{9A19103F-16F7-4668-BE54-9A1E7A4F7556}") = "InterfaceSegregationPrinciple", "InterfaceSegregationPrinciple\InterfaceSegregationPrinciple.csproj", "{9F97A3A7-1723-4A1D-9B45-2FEF26903723}"
EndProject
Project("{9A19103F-16F7-4668-BE54-9A1E7A4F7556}") = "DependencyInversionPrinciple", "DependencyInversionPrinciple\DependencyInversionPrinciple.csproj", "{C5164CCD-9266-4BB6-9BAE-CA9F7C003860}"
EndProject
Project("{2150E333-8FDC-42A3-9474-1A3956D46DE8}") = "Builder", "Builder", "{9878BCE3-E5F2-420B-9908-7A9F9F621BA5}"
	ProjectSection(SolutionItems) = preProject
		Builder.PNG = Builder.PNG
	EndProjectSection
EndProject
Project("{9A19103F-16F7-4668-BE54-9A1E7A4F7556}") = "BuilderDP", "BuilderDP\BuilderDP.csproj", "{3B5F3019-4A65-40A7-8B32-A56413F3E857}"
EndProject
Project("{9A19103F-16F7-4668-BE54-9A1E7A4F7556}") = "FluentBuilderInheritanceRecursiveGenerics", "FluentBuilderInheritanceRecursiveGenerics\FluentBuilderInheritanceRecursiveGenerics.csproj", "{447DCA9E-CD8E-45F4-8A5F-0D554C1B639B}"
EndProject
Project("{9A19103F-16F7-4668-BE54-9A1E7A4F7556}") = "FunctionalBuilder", "FunctionalBuilder\FunctionalBuilder.csproj", "{30B16F2C-2765-498C-90FE-8F205357F82C}"
EndProject
Project("{9A19103F-16F7-4668-BE54-9A1E7A4F7556}") = "FacetedBuilder", "FacetedBuilder\FacetedBuilder.csproj", "{390AF57E-D5EA-4F7F-9489-AAB8403F7C27}"
EndProject
Project("{2150E333-8FDC-42A3-9474-1A3956D46DE8}") = "Factory", "Factory", "{F49CC7C3-C1B5-43FC-ADE0-68A7E8C66B26}"
EndProject
Project("{9A19103F-16F7-4668-BE54-9A1E7A4F7556}") = "AbstractFactory", "AbstractFactory\AbstractFactory.csproj", "{7C34C365-D71A-4B50-BD18-6F3290922A2F}"
EndProject
Project("{9A19103F-16F7-4668-BE54-9A1E7A4F7556}") = "PointSample", "PointSample\PointSample.csproj", "{E47CA746-DE66-42A4-B17A-BB3CB3EEFD4C}"
EndProject
Project("{2150E333-8FDC-42A3-9474-1A3956D46DE8}") = "Prototype", "Prototype", "{7990679E-8C60-43B2-AF17-FE0591448D1D}"
	ProjectSection(SolutionItems) = preProject
		Prototype.PNG = Prototype.PNG
	EndProjectSection
EndProject
Project("{9A19103F-16F7-4668-BE54-9A1E7A4F7556}") = "PrototypeCopy", "PrototypeCopy\PrototypeCopy.csproj", "{74D64BA3-6DA4-44B8-9E02-BDB29E4129E7}"
EndProject
Project("{2150E333-8FDC-42A3-9474-1A3956D46DE8}") = "Singleton", "Singleton", "{A900F7A4-866F-4161-858C-E766D43E4088}"
	ProjectSection(SolutionItems) = preProject
		Singleton.PNG = Singleton.PNG
	EndProjectSection
EndProject
Project("{9A19103F-16F7-4668-BE54-9A1E7A4F7556}") = "DependencyInjectionSingleton", "SingletonSample\DependencyInjectionSingleton.csproj", "{81480DAE-7D14-42F1-9E41-8A6FB453D162}"
EndProject
Project("{9A19103F-16F7-4668-BE54-9A1E7A4F7556}") = "CreationalSingleton", "CreationalSingleton\CreationalSingleton.csproj", "{74CEDD9F-684E-4E9A-B442-62AFB2CDABCE}"
EndProject
Project("{9A19103F-16F7-4668-BE54-9A1E7A4F7556}") = "PerThreadSingleton", "PerThreadSingleton\PerThreadSingleton.csproj", "{1DA4AAB3-3963-4074-A48D-8A905C2F56BC}"
EndProject
Project("{9A19103F-16F7-4668-BE54-9A1E7A4F7556}") = "AmbientContext", "AmbientContext\AmbientContext.csproj", "{818B5029-C222-420F-B553-FC67D6005DDA}"
EndProject
Project("{2150E333-8FDC-42A3-9474-1A3956D46DE8}") = "Adapter", "Adapter", "{FB54E2D0-0591-49D8-A3B8-849D2C12FEE8}"
EndProject
Project("{9A19103F-16F7-4668-BE54-9A1E7A4F7556}") = "AdapterCaching", "AdapterCaching\AdapterCaching.csproj", "{13E0C435-6C5F-4CCF-9E56-A312BBD86061}"
EndProject
Project("{9A19103F-16F7-4668-BE54-9A1E7A4F7556}") = "GenericValueAdapter", "GenericValueAdapter\GenericValueAdapter.csproj", "{5D7EE530-D9D9-4E2B-817D-DF3ED78C5B8B}"
EndProject
Project("{9A19103F-16F7-4668-BE54-9A1E7A4F7556}") = "AdapterDependencyInjection", "AdapterDependencyInjection\AdapterDependencyInjection.csproj", "{F962ADAE-CE06-43A9-A967-1BE98B3692EF}"
EndProject
Project("{2150E333-8FDC-42A3-9474-1A3956D46DE8}") = "Bridge", "Bridge", "{C835FD16-C73E-4BF6-A15C-429EDE89D7F0}"
EndProject
Project("{9A19103F-16F7-4668-BE54-9A1E7A4F7556}") = "BridgeSample", "BridgeSample\BridgeSample.csproj", "{BD5D7D48-BCA6-4B0B-A4B2-6DB561EC3BFB}"
EndProject
Project("{2150E333-8FDC-42A3-9474-1A3956D46DE8}") = "Composite", "Composite", "{AD8704E5-56CE-4535-BCF5-A9EA50CE3209}"
	ProjectSection(SolutionItems) = preProject
		Composite.PNG = Composite.PNG
	EndProjectSection
EndProject
Project("{9A19103F-16F7-4668-BE54-9A1E7A4F7556}") = "GeometricShapes", "GeometricShapes\GeometricShapes.csproj", "{40F7D29F-B536-4C2E-928A-EFABEBEE6A23}"
EndProject
Project("{9A19103F-16F7-4668-BE54-9A1E7A4F7556}") = "NeuralNetworks", "NeuralNetworks\NeuralNetworks.csproj", "{1B59E131-56AF-4E5F-AFEA-D9577D34F99A}"
EndProject
Project("{2150E333-8FDC-42A3-9474-1A3956D46DE8}") = "Decorator", "Decorator", "{9E313236-DA0D-4EE7-A51B-BE053D3009B7}"
	ProjectSection(SolutionItems) = preProject
		Decorator1.PNG = Decorator1.PNG
		Decorator2.PNG = Decorator2.PNG
		SummaryDecorator.PNG = SummaryDecorator.PNG
	EndProjectSection
EndProject
Project("{9A19103F-16F7-4668-BE54-9A1E7A4F7556}") = "Adapter-Decorator", "Adapter-Decorator\Adapter-Decorator.csproj", "{72F9A0D4-BEE6-400A-8408-77FED7B1CF92}"
EndProject
Project("{9A19103F-16F7-4668-BE54-9A1E7A4F7556}") = "DependencyInjection", "DependencyInjection\DependencyInjection.csproj", "{98A2B993-3513-458E-B74F-EC83DF8AFF27}"
EndProject
Project("{2150E333-8FDC-42A3-9474-1A3956D46DE8}") = "Facade", "Facade", "{27984692-5088-4691-BC9A-22162251AC42}"
	ProjectSection(SolutionItems) = preProject
		Facade.PNG = Facade.PNG
		FacadeSummary.PNG = FacadeSummary.PNG
	EndProjectSection
EndProject
Project("{9A19103F-16F7-4668-BE54-9A1E7A4F7556}") = "FacadeSample", "FacadeSample\FacadeSample.csproj", "{2C39E94C-B83B-416C-B25A-FE51808B9DB5}"
EndProject
Project("{2150E333-8FDC-42A3-9474-1A3956D46DE8}") = "FlyWeight", "FlyWeight", "{AEF87223-8EC7-46A2-846D-DFA471105230}"
	ProjectSection(SolutionItems) = preProject
		FlyWeightSummary.PNG = FlyWeightSummary.PNG
	EndProjectSection
EndProject
Project("{9A19103F-16F7-4668-BE54-9A1E7A4F7556}") = "FormattingText", "FormattingText\FormattingText.csproj", "{3DC25A38-A62F-493A-A32D-864E9FE356BE}"
EndProject
Project("{2150E333-8FDC-42A3-9474-1A3956D46DE8}") = "Proxy", "Proxy", "{83030537-2D18-4A6F-B61B-9352D1CADBEF}"
	ProjectSection(SolutionItems) = preProject
		ProxySummary.PNG = ProxySummary.PNG
	EndProjectSection
EndProject
Project("{9A19103F-16F7-4668-BE54-9A1E7A4F7556}") = "ProtectionProxy", "ProtectionProxy\ProtectionProxy.csproj", "{57DA9FC8-EFDD-433E-93DD-5ACFB6EA7711}"
EndProject
Project("{9A19103F-16F7-4668-BE54-9A1E7A4F7556}") = "PropertyProxy", "PropertyProxy\PropertyProxy.csproj", "{BBC911BB-5B16-44BB-B4DE-8F0BAE9D640D}"
EndProject
Project("{9A19103F-16F7-4668-BE54-9A1E7A4F7556}") = "ValueProxy", "ValueProxy\ValueProxy.csproj", "{582D77B8-F414-4901-8768-DF780AAADC28}"
EndProject
Project("{9A19103F-16F7-4668-BE54-9A1E7A4F7556}") = "Composite_SoA-AoS", "Composite_SoA-AoS\Composite_SoA-AoS.csproj", "{17BCEBE1-F768-4694-9B10-B5505B44B7AF}"
EndProject
Project("{9A19103F-16F7-4668-BE54-9A1E7A4F7556}") = "DynamicProxy", "DynamicProxy\DynamicProxy.csproj", "{E8A3F70F-D772-423D-8AA2-507FA818E435}"
EndProject
Project("{9A19103F-16F7-4668-BE54-9A1E7A4F7556}") = "BitFragging", "BitFragging\BitFragging.csproj", "{8463B2B1-A06F-4FBB-8E98-12039B905ED4}"
EndProject
Project("{2150E333-8FDC-42A3-9474-1A3956D46DE8}") = "Chain of Responsability", "Chain of Responsability", "{85FD3BA1-C17D-43B5-B904-56C3DCFB1840}"
	ProjectSection(SolutionItems) = preProject
		ChainResp.PNG = ChainResp.PNG
	EndProjectSection
EndProject
Project("{FAE04EC0-301F-11D3-BF4B-00C04F79EFBC}") = "MethodChain", "MethodChain\MethodChain.csproj", "{61077C43-EC53-4333-8000-5F24B8D2F638}"
EndProject
Project("{FAE04EC0-301F-11D3-BF4B-00C04F79EFBC}") = "BrokerChain", "BrokerChain\BrokerChain.csproj", "{54A328BE-BC60-4225-A641-FEC968A35843}"
EndProject
Project("{2150E333-8FDC-42A3-9474-1A3956D46DE8}") = "Command", "Command", "{B472DAE8-CFE1-4714-B8DC-47BA9828F719}"
	ProjectSection(SolutionItems) = preProject
		CommandDefinition.PNG = CommandDefinition.PNG
		CommandMotivation.PNG = CommandMotivation.PNG
		CommandSummary.PNG = CommandSummary.PNG
	EndProjectSection
EndProject
Project("{FAE04EC0-301F-11D3-BF4B-00C04F79EFBC}") = "CommandSample", "CommandSample\CommandSample.csproj", "{EEEEB5C7-83EF-4806-8840-CDF0C5D1C041}"
EndProject
Project("{FAE04EC0-301F-11D3-BF4B-00C04F79EFBC}") = "CompositeCommand", "CompositeCommand\CompositeCommand.csproj", "{F5088B79-A290-4924-8EE8-DC3471B6DEC7}"
EndProject
Project("{2150E333-8FDC-42A3-9474-1A3956D46DE8}") = "Interpreter", "Interpreter", "{8360BC1E-9AEC-4D06-A59A-07BC2D01613C}"
EndProject
Project("{FAE04EC0-301F-11D3-BF4B-00C04F79EFBC}") = "HandmadeInterpreter_Lexing", "HandmadeInterpreter_Lexing\HandmadeInterpreter_Lexing.csproj", "{18CB929C-95BD-44DA-942D-181F1E20EB47}"
EndProject
Global
	GlobalSection(SolutionConfigurationPlatforms) = preSolution
		Debug|Any CPU = Debug|Any CPU
		Release|Any CPU = Release|Any CPU
	EndGlobalSection
	GlobalSection(ProjectConfigurationPlatforms) = postSolution
		{3D39F6BB-FCE8-41BC-9F62-403F82B74E19}.Debug|Any CPU.ActiveCfg = Debug|Any CPU
		{3D39F6BB-FCE8-41BC-9F62-403F82B74E19}.Debug|Any CPU.Build.0 = Debug|Any CPU
		{3D39F6BB-FCE8-41BC-9F62-403F82B74E19}.Release|Any CPU.ActiveCfg = Release|Any CPU
		{3D39F6BB-FCE8-41BC-9F62-403F82B74E19}.Release|Any CPU.Build.0 = Release|Any CPU
		{DBEE6858-6331-407D-AD30-A89C40952C42}.Debug|Any CPU.ActiveCfg = Debug|Any CPU
		{DBEE6858-6331-407D-AD30-A89C40952C42}.Debug|Any CPU.Build.0 = Debug|Any CPU
		{DBEE6858-6331-407D-AD30-A89C40952C42}.Release|Any CPU.ActiveCfg = Release|Any CPU
		{DBEE6858-6331-407D-AD30-A89C40952C42}.Release|Any CPU.Build.0 = Release|Any CPU
		{DB5D3C7A-049D-4C99-8140-7F955182A31E}.Debug|Any CPU.ActiveCfg = Debug|Any CPU
		{DB5D3C7A-049D-4C99-8140-7F955182A31E}.Debug|Any CPU.Build.0 = Debug|Any CPU
		{DB5D3C7A-049D-4C99-8140-7F955182A31E}.Release|Any CPU.ActiveCfg = Release|Any CPU
		{DB5D3C7A-049D-4C99-8140-7F955182A31E}.Release|Any CPU.Build.0 = Release|Any CPU
		{9F97A3A7-1723-4A1D-9B45-2FEF26903723}.Debug|Any CPU.ActiveCfg = Debug|Any CPU
		{9F97A3A7-1723-4A1D-9B45-2FEF26903723}.Debug|Any CPU.Build.0 = Debug|Any CPU
		{9F97A3A7-1723-4A1D-9B45-2FEF26903723}.Release|Any CPU.ActiveCfg = Release|Any CPU
		{9F97A3A7-1723-4A1D-9B45-2FEF26903723}.Release|Any CPU.Build.0 = Release|Any CPU
		{C5164CCD-9266-4BB6-9BAE-CA9F7C003860}.Debug|Any CPU.ActiveCfg = Debug|Any CPU
		{C5164CCD-9266-4BB6-9BAE-CA9F7C003860}.Debug|Any CPU.Build.0 = Debug|Any CPU
		{C5164CCD-9266-4BB6-9BAE-CA9F7C003860}.Release|Any CPU.ActiveCfg = Release|Any CPU
		{C5164CCD-9266-4BB6-9BAE-CA9F7C003860}.Release|Any CPU.Build.0 = Release|Any CPU
		{3B5F3019-4A65-40A7-8B32-A56413F3E857}.Debug|Any CPU.ActiveCfg = Debug|Any CPU
		{3B5F3019-4A65-40A7-8B32-A56413F3E857}.Debug|Any CPU.Build.0 = Debug|Any CPU
		{3B5F3019-4A65-40A7-8B32-A56413F3E857}.Release|Any CPU.ActiveCfg = Release|Any CPU
		{3B5F3019-4A65-40A7-8B32-A56413F3E857}.Release|Any CPU.Build.0 = Release|Any CPU
		{447DCA9E-CD8E-45F4-8A5F-0D554C1B639B}.Debug|Any CPU.ActiveCfg = Debug|Any CPU
		{447DCA9E-CD8E-45F4-8A5F-0D554C1B639B}.Debug|Any CPU.Build.0 = Debug|Any CPU
		{447DCA9E-CD8E-45F4-8A5F-0D554C1B639B}.Release|Any CPU.ActiveCfg = Release|Any CPU
		{447DCA9E-CD8E-45F4-8A5F-0D554C1B639B}.Release|Any CPU.Build.0 = Release|Any CPU
		{30B16F2C-2765-498C-90FE-8F205357F82C}.Debug|Any CPU.ActiveCfg = Debug|Any CPU
		{30B16F2C-2765-498C-90FE-8F205357F82C}.Debug|Any CPU.Build.0 = Debug|Any CPU
		{30B16F2C-2765-498C-90FE-8F205357F82C}.Release|Any CPU.ActiveCfg = Release|Any CPU
		{30B16F2C-2765-498C-90FE-8F205357F82C}.Release|Any CPU.Build.0 = Release|Any CPU
		{390AF57E-D5EA-4F7F-9489-AAB8403F7C27}.Debug|Any CPU.ActiveCfg = Debug|Any CPU
		{390AF57E-D5EA-4F7F-9489-AAB8403F7C27}.Debug|Any CPU.Build.0 = Debug|Any CPU
		{390AF57E-D5EA-4F7F-9489-AAB8403F7C27}.Release|Any CPU.ActiveCfg = Release|Any CPU
		{390AF57E-D5EA-4F7F-9489-AAB8403F7C27}.Release|Any CPU.Build.0 = Release|Any CPU
		{7C34C365-D71A-4B50-BD18-6F3290922A2F}.Debug|Any CPU.ActiveCfg = Debug|Any CPU
		{7C34C365-D71A-4B50-BD18-6F3290922A2F}.Debug|Any CPU.Build.0 = Debug|Any CPU
		{7C34C365-D71A-4B50-BD18-6F3290922A2F}.Release|Any CPU.ActiveCfg = Release|Any CPU
		{7C34C365-D71A-4B50-BD18-6F3290922A2F}.Release|Any CPU.Build.0 = Release|Any CPU
		{E47CA746-DE66-42A4-B17A-BB3CB3EEFD4C}.Debug|Any CPU.ActiveCfg = Debug|Any CPU
		{E47CA746-DE66-42A4-B17A-BB3CB3EEFD4C}.Debug|Any CPU.Build.0 = Debug|Any CPU
		{E47CA746-DE66-42A4-B17A-BB3CB3EEFD4C}.Release|Any CPU.ActiveCfg = Release|Any CPU
		{E47CA746-DE66-42A4-B17A-BB3CB3EEFD4C}.Release|Any CPU.Build.0 = Release|Any CPU
		{74D64BA3-6DA4-44B8-9E02-BDB29E4129E7}.Debug|Any CPU.ActiveCfg = Debug|Any CPU
		{74D64BA3-6DA4-44B8-9E02-BDB29E4129E7}.Debug|Any CPU.Build.0 = Debug|Any CPU
		{74D64BA3-6DA4-44B8-9E02-BDB29E4129E7}.Release|Any CPU.ActiveCfg = Release|Any CPU
		{74D64BA3-6DA4-44B8-9E02-BDB29E4129E7}.Release|Any CPU.Build.0 = Release|Any CPU
		{81480DAE-7D14-42F1-9E41-8A6FB453D162}.Debug|Any CPU.ActiveCfg = Debug|Any CPU
		{81480DAE-7D14-42F1-9E41-8A6FB453D162}.Debug|Any CPU.Build.0 = Debug|Any CPU
		{81480DAE-7D14-42F1-9E41-8A6FB453D162}.Release|Any CPU.ActiveCfg = Release|Any CPU
		{81480DAE-7D14-42F1-9E41-8A6FB453D162}.Release|Any CPU.Build.0 = Release|Any CPU
		{74CEDD9F-684E-4E9A-B442-62AFB2CDABCE}.Debug|Any CPU.ActiveCfg = Debug|Any CPU
		{74CEDD9F-684E-4E9A-B442-62AFB2CDABCE}.Debug|Any CPU.Build.0 = Debug|Any CPU
		{74CEDD9F-684E-4E9A-B442-62AFB2CDABCE}.Release|Any CPU.ActiveCfg = Release|Any CPU
		{74CEDD9F-684E-4E9A-B442-62AFB2CDABCE}.Release|Any CPU.Build.0 = Release|Any CPU
		{1DA4AAB3-3963-4074-A48D-8A905C2F56BC}.Debug|Any CPU.ActiveCfg = Debug|Any CPU
		{1DA4AAB3-3963-4074-A48D-8A905C2F56BC}.Debug|Any CPU.Build.0 = Debug|Any CPU
		{1DA4AAB3-3963-4074-A48D-8A905C2F56BC}.Release|Any CPU.ActiveCfg = Release|Any CPU
		{1DA4AAB3-3963-4074-A48D-8A905C2F56BC}.Release|Any CPU.Build.0 = Release|Any CPU
		{818B5029-C222-420F-B553-FC67D6005DDA}.Debug|Any CPU.ActiveCfg = Debug|Any CPU
		{818B5029-C222-420F-B553-FC67D6005DDA}.Debug|Any CPU.Build.0 = Debug|Any CPU
		{818B5029-C222-420F-B553-FC67D6005DDA}.Release|Any CPU.ActiveCfg = Release|Any CPU
		{818B5029-C222-420F-B553-FC67D6005DDA}.Release|Any CPU.Build.0 = Release|Any CPU
		{13E0C435-6C5F-4CCF-9E56-A312BBD86061}.Debug|Any CPU.ActiveCfg = Debug|Any CPU
		{13E0C435-6C5F-4CCF-9E56-A312BBD86061}.Debug|Any CPU.Build.0 = Debug|Any CPU
		{13E0C435-6C5F-4CCF-9E56-A312BBD86061}.Release|Any CPU.ActiveCfg = Release|Any CPU
		{13E0C435-6C5F-4CCF-9E56-A312BBD86061}.Release|Any CPU.Build.0 = Release|Any CPU
		{5D7EE530-D9D9-4E2B-817D-DF3ED78C5B8B}.Debug|Any CPU.ActiveCfg = Debug|Any CPU
		{5D7EE530-D9D9-4E2B-817D-DF3ED78C5B8B}.Debug|Any CPU.Build.0 = Debug|Any CPU
		{5D7EE530-D9D9-4E2B-817D-DF3ED78C5B8B}.Release|Any CPU.ActiveCfg = Release|Any CPU
		{5D7EE530-D9D9-4E2B-817D-DF3ED78C5B8B}.Release|Any CPU.Build.0 = Release|Any CPU
		{F962ADAE-CE06-43A9-A967-1BE98B3692EF}.Debug|Any CPU.ActiveCfg = Debug|Any CPU
		{F962ADAE-CE06-43A9-A967-1BE98B3692EF}.Debug|Any CPU.Build.0 = Debug|Any CPU
		{F962ADAE-CE06-43A9-A967-1BE98B3692EF}.Release|Any CPU.ActiveCfg = Release|Any CPU
		{F962ADAE-CE06-43A9-A967-1BE98B3692EF}.Release|Any CPU.Build.0 = Release|Any CPU
		{BD5D7D48-BCA6-4B0B-A4B2-6DB561EC3BFB}.Debug|Any CPU.ActiveCfg = Debug|Any CPU
		{BD5D7D48-BCA6-4B0B-A4B2-6DB561EC3BFB}.Debug|Any CPU.Build.0 = Debug|Any CPU
		{BD5D7D48-BCA6-4B0B-A4B2-6DB561EC3BFB}.Release|Any CPU.ActiveCfg = Release|Any CPU
		{BD5D7D48-BCA6-4B0B-A4B2-6DB561EC3BFB}.Release|Any CPU.Build.0 = Release|Any CPU
		{40F7D29F-B536-4C2E-928A-EFABEBEE6A23}.Debug|Any CPU.ActiveCfg = Debug|Any CPU
		{40F7D29F-B536-4C2E-928A-EFABEBEE6A23}.Debug|Any CPU.Build.0 = Debug|Any CPU
		{40F7D29F-B536-4C2E-928A-EFABEBEE6A23}.Release|Any CPU.ActiveCfg = Release|Any CPU
		{40F7D29F-B536-4C2E-928A-EFABEBEE6A23}.Release|Any CPU.Build.0 = Release|Any CPU
		{1B59E131-56AF-4E5F-AFEA-D9577D34F99A}.Debug|Any CPU.ActiveCfg = Debug|Any CPU
		{1B59E131-56AF-4E5F-AFEA-D9577D34F99A}.Debug|Any CPU.Build.0 = Debug|Any CPU
		{1B59E131-56AF-4E5F-AFEA-D9577D34F99A}.Release|Any CPU.ActiveCfg = Release|Any CPU
		{1B59E131-56AF-4E5F-AFEA-D9577D34F99A}.Release|Any CPU.Build.0 = Release|Any CPU
		{72F9A0D4-BEE6-400A-8408-77FED7B1CF92}.Debug|Any CPU.ActiveCfg = Debug|Any CPU
		{72F9A0D4-BEE6-400A-8408-77FED7B1CF92}.Debug|Any CPU.Build.0 = Debug|Any CPU
		{72F9A0D4-BEE6-400A-8408-77FED7B1CF92}.Release|Any CPU.ActiveCfg = Release|Any CPU
		{72F9A0D4-BEE6-400A-8408-77FED7B1CF92}.Release|Any CPU.Build.0 = Release|Any CPU
		{98A2B993-3513-458E-B74F-EC83DF8AFF27}.Debug|Any CPU.ActiveCfg = Debug|Any CPU
		{98A2B993-3513-458E-B74F-EC83DF8AFF27}.Debug|Any CPU.Build.0 = Debug|Any CPU
		{98A2B993-3513-458E-B74F-EC83DF8AFF27}.Release|Any CPU.ActiveCfg = Release|Any CPU
		{98A2B993-3513-458E-B74F-EC83DF8AFF27}.Release|Any CPU.Build.0 = Release|Any CPU
		{2C39E94C-B83B-416C-B25A-FE51808B9DB5}.Debug|Any CPU.ActiveCfg = Debug|Any CPU
		{2C39E94C-B83B-416C-B25A-FE51808B9DB5}.Debug|Any CPU.Build.0 = Debug|Any CPU
		{2C39E94C-B83B-416C-B25A-FE51808B9DB5}.Release|Any CPU.ActiveCfg = Release|Any CPU
		{2C39E94C-B83B-416C-B25A-FE51808B9DB5}.Release|Any CPU.Build.0 = Release|Any CPU
		{3DC25A38-A62F-493A-A32D-864E9FE356BE}.Debug|Any CPU.ActiveCfg = Debug|Any CPU
		{3DC25A38-A62F-493A-A32D-864E9FE356BE}.Debug|Any CPU.Build.0 = Debug|Any CPU
		{3DC25A38-A62F-493A-A32D-864E9FE356BE}.Release|Any CPU.ActiveCfg = Release|Any CPU
		{3DC25A38-A62F-493A-A32D-864E9FE356BE}.Release|Any CPU.Build.0 = Release|Any CPU
		{57DA9FC8-EFDD-433E-93DD-5ACFB6EA7711}.Debug|Any CPU.ActiveCfg = Debug|Any CPU
		{57DA9FC8-EFDD-433E-93DD-5ACFB6EA7711}.Debug|Any CPU.Build.0 = Debug|Any CPU
		{57DA9FC8-EFDD-433E-93DD-5ACFB6EA7711}.Release|Any CPU.ActiveCfg = Release|Any CPU
		{57DA9FC8-EFDD-433E-93DD-5ACFB6EA7711}.Release|Any CPU.Build.0 = Release|Any CPU
		{BBC911BB-5B16-44BB-B4DE-8F0BAE9D640D}.Debug|Any CPU.ActiveCfg = Debug|Any CPU
		{BBC911BB-5B16-44BB-B4DE-8F0BAE9D640D}.Debug|Any CPU.Build.0 = Debug|Any CPU
		{BBC911BB-5B16-44BB-B4DE-8F0BAE9D640D}.Release|Any CPU.ActiveCfg = Release|Any CPU
		{BBC911BB-5B16-44BB-B4DE-8F0BAE9D640D}.Release|Any CPU.Build.0 = Release|Any CPU
		{582D77B8-F414-4901-8768-DF780AAADC28}.Debug|Any CPU.ActiveCfg = Debug|Any CPU
		{582D77B8-F414-4901-8768-DF780AAADC28}.Debug|Any CPU.Build.0 = Debug|Any CPU
		{582D77B8-F414-4901-8768-DF780AAADC28}.Release|Any CPU.ActiveCfg = Release|Any CPU
		{582D77B8-F414-4901-8768-DF780AAADC28}.Release|Any CPU.Build.0 = Release|Any CPU
		{17BCEBE1-F768-4694-9B10-B5505B44B7AF}.Debug|Any CPU.ActiveCfg = Debug|Any CPU
		{17BCEBE1-F768-4694-9B10-B5505B44B7AF}.Debug|Any CPU.Build.0 = Debug|Any CPU
		{17BCEBE1-F768-4694-9B10-B5505B44B7AF}.Release|Any CPU.ActiveCfg = Release|Any CPU
		{17BCEBE1-F768-4694-9B10-B5505B44B7AF}.Release|Any CPU.Build.0 = Release|Any CPU
		{E8A3F70F-D772-423D-8AA2-507FA818E435}.Debug|Any CPU.ActiveCfg = Debug|Any CPU
		{E8A3F70F-D772-423D-8AA2-507FA818E435}.Debug|Any CPU.Build.0 = Debug|Any CPU
		{E8A3F70F-D772-423D-8AA2-507FA818E435}.Release|Any CPU.ActiveCfg = Release|Any CPU
		{E8A3F70F-D772-423D-8AA2-507FA818E435}.Release|Any CPU.Build.0 = Release|Any CPU
		{8463B2B1-A06F-4FBB-8E98-12039B905ED4}.Debug|Any CPU.ActiveCfg = Debug|Any CPU
		{8463B2B1-A06F-4FBB-8E98-12039B905ED4}.Debug|Any CPU.Build.0 = Debug|Any CPU
		{8463B2B1-A06F-4FBB-8E98-12039B905ED4}.Release|Any CPU.ActiveCfg = Release|Any CPU
		{8463B2B1-A06F-4FBB-8E98-12039B905ED4}.Release|Any CPU.Build.0 = Release|Any CPU
		{61077C43-EC53-4333-8000-5F24B8D2F638}.Debug|Any CPU.ActiveCfg = Debug|Any CPU
		{61077C43-EC53-4333-8000-5F24B8D2F638}.Debug|Any CPU.Build.0 = Debug|Any CPU
		{61077C43-EC53-4333-8000-5F24B8D2F638}.Release|Any CPU.ActiveCfg = Release|Any CPU
		{61077C43-EC53-4333-8000-5F24B8D2F638}.Release|Any CPU.Build.0 = Release|Any CPU
		{54A328BE-BC60-4225-A641-FEC968A35843}.Debug|Any CPU.ActiveCfg = Debug|Any CPU
		{54A328BE-BC60-4225-A641-FEC968A35843}.Debug|Any CPU.Build.0 = Debug|Any CPU
		{54A328BE-BC60-4225-A641-FEC968A35843}.Release|Any CPU.ActiveCfg = Release|Any CPU
		{54A328BE-BC60-4225-A641-FEC968A35843}.Release|Any CPU.Build.0 = Release|Any CPU
		{EEEEB5C7-83EF-4806-8840-CDF0C5D1C041}.Debug|Any CPU.ActiveCfg = Debug|Any CPU
		{EEEEB5C7-83EF-4806-8840-CDF0C5D1C041}.Debug|Any CPU.Build.0 = Debug|Any CPU
		{EEEEB5C7-83EF-4806-8840-CDF0C5D1C041}.Release|Any CPU.ActiveCfg = Release|Any CPU
		{EEEEB5C7-83EF-4806-8840-CDF0C5D1C041}.Release|Any CPU.Build.0 = Release|Any CPU
		{F5088B79-A290-4924-8EE8-DC3471B6DEC7}.Debug|Any CPU.ActiveCfg = Debug|Any CPU
		{F5088B79-A290-4924-8EE8-DC3471B6DEC7}.Debug|Any CPU.Build.0 = Debug|Any CPU
		{F5088B79-A290-4924-8EE8-DC3471B6DEC7}.Release|Any CPU.ActiveCfg = Release|Any CPU
		{F5088B79-A290-4924-8EE8-DC3471B6DEC7}.Release|Any CPU.Build.0 = Release|Any CPU
		{18CB929C-95BD-44DA-942D-181F1E20EB47}.Debug|Any CPU.ActiveCfg = Debug|Any CPU
		{18CB929C-95BD-44DA-942D-181F1E20EB47}.Debug|Any CPU.Build.0 = Debug|Any CPU
		{18CB929C-95BD-44DA-942D-181F1E20EB47}.Release|Any CPU.ActiveCfg = Release|Any CPU
		{18CB929C-95BD-44DA-942D-181F1E20EB47}.Release|Any CPU.Build.0 = Release|Any CPU
	EndGlobalSection
	GlobalSection(SolutionProperties) = preSolution
		HideSolutionNode = FALSE
	EndGlobalSection
	GlobalSection(NestedProjects) = preSolution
		{3D39F6BB-FCE8-41BC-9F62-403F82B74E19} = {6D504F8B-AD9D-45A8-9ADF-1EBD1623644B}
		{DBEE6858-6331-407D-AD30-A89C40952C42} = {6D504F8B-AD9D-45A8-9ADF-1EBD1623644B}
		{DB5D3C7A-049D-4C99-8140-7F955182A31E} = {6D504F8B-AD9D-45A8-9ADF-1EBD1623644B}
		{9F97A3A7-1723-4A1D-9B45-2FEF26903723} = {6D504F8B-AD9D-45A8-9ADF-1EBD1623644B}
		{C5164CCD-9266-4BB6-9BAE-CA9F7C003860} = {6D504F8B-AD9D-45A8-9ADF-1EBD1623644B}
		{3B5F3019-4A65-40A7-8B32-A56413F3E857} = {9878BCE3-E5F2-420B-9908-7A9F9F621BA5}
		{447DCA9E-CD8E-45F4-8A5F-0D554C1B639B} = {9878BCE3-E5F2-420B-9908-7A9F9F621BA5}
		{30B16F2C-2765-498C-90FE-8F205357F82C} = {9878BCE3-E5F2-420B-9908-7A9F9F621BA5}
		{390AF57E-D5EA-4F7F-9489-AAB8403F7C27} = {9878BCE3-E5F2-420B-9908-7A9F9F621BA5}
		{7C34C365-D71A-4B50-BD18-6F3290922A2F} = {F49CC7C3-C1B5-43FC-ADE0-68A7E8C66B26}
		{E47CA746-DE66-42A4-B17A-BB3CB3EEFD4C} = {F49CC7C3-C1B5-43FC-ADE0-68A7E8C66B26}
		{74D64BA3-6DA4-44B8-9E02-BDB29E4129E7} = {7990679E-8C60-43B2-AF17-FE0591448D1D}
		{81480DAE-7D14-42F1-9E41-8A6FB453D162} = {A900F7A4-866F-4161-858C-E766D43E4088}
		{74CEDD9F-684E-4E9A-B442-62AFB2CDABCE} = {A900F7A4-866F-4161-858C-E766D43E4088}
		{1DA4AAB3-3963-4074-A48D-8A905C2F56BC} = {A900F7A4-866F-4161-858C-E766D43E4088}
		{818B5029-C222-420F-B553-FC67D6005DDA} = {A900F7A4-866F-4161-858C-E766D43E4088}
		{13E0C435-6C5F-4CCF-9E56-A312BBD86061} = {FB54E2D0-0591-49D8-A3B8-849D2C12FEE8}
		{5D7EE530-D9D9-4E2B-817D-DF3ED78C5B8B} = {FB54E2D0-0591-49D8-A3B8-849D2C12FEE8}
		{F962ADAE-CE06-43A9-A967-1BE98B3692EF} = {FB54E2D0-0591-49D8-A3B8-849D2C12FEE8}
		{BD5D7D48-BCA6-4B0B-A4B2-6DB561EC3BFB} = {C835FD16-C73E-4BF6-A15C-429EDE89D7F0}
		{40F7D29F-B536-4C2E-928A-EFABEBEE6A23} = {AD8704E5-56CE-4535-BCF5-A9EA50CE3209}
		{1B59E131-56AF-4E5F-AFEA-D9577D34F99A} = {AD8704E5-56CE-4535-BCF5-A9EA50CE3209}
		{72F9A0D4-BEE6-400A-8408-77FED7B1CF92} = {9E313236-DA0D-4EE7-A51B-BE053D3009B7}
		{98A2B993-3513-458E-B74F-EC83DF8AFF27} = {9E313236-DA0D-4EE7-A51B-BE053D3009B7}
		{2C39E94C-B83B-416C-B25A-FE51808B9DB5} = {27984692-5088-4691-BC9A-22162251AC42}
		{3DC25A38-A62F-493A-A32D-864E9FE356BE} = {AEF87223-8EC7-46A2-846D-DFA471105230}
		{57DA9FC8-EFDD-433E-93DD-5ACFB6EA7711} = {83030537-2D18-4A6F-B61B-9352D1CADBEF}
		{BBC911BB-5B16-44BB-B4DE-8F0BAE9D640D} = {83030537-2D18-4A6F-B61B-9352D1CADBEF}
		{582D77B8-F414-4901-8768-DF780AAADC28} = {83030537-2D18-4A6F-B61B-9352D1CADBEF}
		{17BCEBE1-F768-4694-9B10-B5505B44B7AF} = {83030537-2D18-4A6F-B61B-9352D1CADBEF}
		{E8A3F70F-D772-423D-8AA2-507FA818E435} = {83030537-2D18-4A6F-B61B-9352D1CADBEF}
		{8463B2B1-A06F-4FBB-8E98-12039B905ED4} = {83030537-2D18-4A6F-B61B-9352D1CADBEF}
		{61077C43-EC53-4333-8000-5F24B8D2F638} = {85FD3BA1-C17D-43B5-B904-56C3DCFB1840}
		{54A328BE-BC60-4225-A641-FEC968A35843} = {85FD3BA1-C17D-43B5-B904-56C3DCFB1840}
		{EEEEB5C7-83EF-4806-8840-CDF0C5D1C041} = {B472DAE8-CFE1-4714-B8DC-47BA9828F719}
		{F5088B79-A290-4924-8EE8-DC3471B6DEC7} = {B472DAE8-CFE1-4714-B8DC-47BA9828F719}
		{18CB929C-95BD-44DA-942D-181F1E20EB47} = {8360BC1E-9AEC-4D06-A59A-07BC2D01613C}
	EndGlobalSection
	GlobalSection(ExtensibilityGlobals) = postSolution
		SolutionGuid = {36C98015-9419-4EE7-8710-4DE4C0DD633C}
	EndGlobalSection
EndGlobal
